
Microsoft Visual Studio Solution File, Format Version 12.00
# Visual Studio 15
VisualStudioVersion = 15.0.27428.2002
MinimumVisualStudioVersion = 10.0.40219.1
Project("{FAE04EC0-301F-11D3-BF4B-00C04F79EFBC}") = "WebEmailMonitor", "..\..\..\..\Downloads\WebEmailMonitor\WebEmailMonitor\WebEmailMonitor.csproj", "{EECEA876-B104-4FB7-AC5F-689E896AD075}"
EndProject
Global
	GlobalSection(SolutionConfigurationPlatforms) = preSolution
		Debug|Any CPU = Debug|Any CPU
		Release|Any CPU = Release|Any CPU
	EndGlobalSection
	GlobalSection(ProjectConfigurationPlatforms) = postSolution
		{EECEA876-B104-4FB7-AC5F-689E896AD075}.Debug|Any CPU.ActiveCfg = Debug|Any CPU
		{EECEA876-B104-4FB7-AC5F-689E896AD075}.Debug|Any CPU.Build.0 = Debug|Any CPU
		{EECEA876-B104-4FB7-AC5F-689E896AD075}.Release|Any CPU.ActiveCfg = Release|Any CPU
		{EECEA876-B104-4FB7-AC5F-689E896AD075}.Release|Any CPU.Build.0 = Release|Any CPU
	EndGlobalSection
	GlobalSection(SolutionProperties) = preSolution
		HideSolutionNode = FALSE
	EndGlobalSection
	GlobalSection(ExtensibilityGlobals) = postSolution
		SolutionGuid = {C5EE9486-B488-48E3-940E-C3EF2626E246}
	EndGlobalSection
	GlobalSection(TeamFoundationVersionControl) = preSolution
		SccNumberOfProjects = 2
		SccEnterpriseProvider = {4CA58AB2-18FA-4F8D-95D4-32DDF27D184C}
		SccTeamFoundationServer = https://franklimtc.visualstudio.com/
		SccLocalPath0 = .
		SccProjectUniqueName1 = ..\\..\\..\\..\\Downloads\\WebEmailMonitor\\WebEmailMonitor\\WebEmailMonitor.csproj
		SccProjectName1 = WebEmailMonitor
		SccLocalPath1 = ..\\..\\..\\..\\Downloads\\WebEmailMonitor\\WebEmailMonitor
	EndGlobalSection
EndGlobal
