
Microsoft Visual Studio Solution File, Format Version 12.00
# Visual Studio 14
VisualStudioVersion = 14.0.25420.1
MinimumVisualStudioVersion = 10.0.40219.1
Project("{FAE04EC0-301F-11D3-BF4B-00C04F79EFBC}") = "Ocomon", "Ocomon\Ocomon.csproj", "{49722025-B5C6-4C85-9EE0-59A6227593B2}"
EndProject
Project("{FAE04EC0-301F-11D3-BF4B-00C04F79EFBC}") = "Postagens", "..\..\..\..\..\Documents\Visual Studio 2015\Projects\RastreioCorreios\Postagens\Postagens.csproj", "{7070CF7D-A1A1-450E-BE3C-D220D53228D1}"
EndProject
Project("{FAE04EC0-301F-11D3-BF4B-00C04F79EFBC}") = "RastroCorreios", "..\..\..\..\..\Documents\Visual Studio 2015\Projects\WindowsFormsApplication2\WindowsFormsApplication2\RastroCorreios.csproj", "{606C8757-48B3-47D7-91CC-7C12CE986330}"
EndProject
Global
	GlobalSection(SolutionConfigurationPlatforms) = preSolution
		Debug|Any CPU = Debug|Any CPU
		Release|Any CPU = Release|Any CPU
	EndGlobalSection
	GlobalSection(ProjectConfigurationPlatforms) = postSolution
		{49722025-B5C6-4C85-9EE0-59A6227593B2}.Debug|Any CPU.ActiveCfg = Debug|Any CPU
		{49722025-B5C6-4C85-9EE0-59A6227593B2}.Debug|Any CPU.Build.0 = Debug|Any CPU
		{49722025-B5C6-4C85-9EE0-59A6227593B2}.Release|Any CPU.ActiveCfg = Release|Any CPU
		{49722025-B5C6-4C85-9EE0-59A6227593B2}.Release|Any CPU.Build.0 = Release|Any CPU
		{7070CF7D-A1A1-450E-BE3C-D220D53228D1}.Debug|Any CPU.ActiveCfg = Debug|Any CPU
		{7070CF7D-A1A1-450E-BE3C-D220D53228D1}.Debug|Any CPU.Build.0 = Debug|Any CPU
		{7070CF7D-A1A1-450E-BE3C-D220D53228D1}.Release|Any CPU.ActiveCfg = Release|Any CPU
		{7070CF7D-A1A1-450E-BE3C-D220D53228D1}.Release|Any CPU.Build.0 = Release|Any CPU
		{606C8757-48B3-47D7-91CC-7C12CE986330}.Debug|Any CPU.ActiveCfg = Debug|Any CPU
		{606C8757-48B3-47D7-91CC-7C12CE986330}.Debug|Any CPU.Build.0 = Debug|Any CPU
		{606C8757-48B3-47D7-91CC-7C12CE986330}.Release|Any CPU.ActiveCfg = Release|Any CPU
		{606C8757-48B3-47D7-91CC-7C12CE986330}.Release|Any CPU.Build.0 = Release|Any CPU
	EndGlobalSection
	GlobalSection(SolutionProperties) = preSolution
		HideSolutionNode = FALSE
	EndGlobalSection
	GlobalSection(TeamFoundationVersionControl) = preSolution
		SccNumberOfProjects = 4
		SccEnterpriseProvider = {4CA58AB2-18FA-4F8D-95D4-32DDF27D184C}
		SccTeamFoundationServer = https://franklimtc.visualstudio.com/
		SccLocalPath0 = .
		SccProjectUniqueName1 = Ocomon\\Ocomon.csproj
		SccProjectName1 = Ocomon
		SccLocalPath1 = Ocomon
		SccProjectUniqueName2 = ..\\..\\..\\..\\..\\Documents\\Visual\u0020Studio\u00202015\\Projects\\RastreioCorreios\\Postagens\\Postagens.csproj
		SccProjectName2 = ../../RastreioCorreios/Postagens
		SccLocalPath2 = ..\\..\\..\\..\\..\\Documents\\Visual\u0020Studio\u00202015\\Projects\\RastreioCorreios\\Postagens
		SccProjectUniqueName3 = ..\\..\\..\\..\\..\\Documents\\Visual\u0020Studio\u00202015\\Projects\\WindowsFormsApplication2\\WindowsFormsApplication2\\RastroCorreios.csproj
		SccProjectName3 = ../../CSF_Correios/CSF_Correios/RastroCorreiosWS
		SccLocalPath3 = ..\\..\\..\\..\\..\\Documents\\Visual\u0020Studio\u00202015\\Projects\\WindowsFormsApplication2\\WindowsFormsApplication2
	EndGlobalSection
EndGlobal
